# Copyright (c) 2026 The ZMK Contributors
# SPDX-License-Identifier: MIT

description: |
  Caps Lock indicator: paints the targeted LEDs while the host reports the HID
  Caps Lock LED as set (see CONFIG_ZMK_HID_INDICATORS). Has no properties of its
  own beyond the shared indicator fragment.

compatible: "keypaw,rgb-indicator-caps-lock"

include: ["keypaw,rgb-indicator-common.yaml"]
